
Microsoft Visual Studio Solution File, Format Version 12.00
# Visual Studio Version 17
VisualStudioVersion = 17.8.34525.116
MinimumVisualStudioVersion = 10.0.40219.1
Project("{FAE04EC0-301F-11D3-BF4B-00C04F79EFBC}") = "elquequedras2", "elquequedras2\elquequedras2.csproj", "{73E36C62-3330-4096-938C-0A486A2E056A}"
EndProject
Global
	GlobalSection(SolutionConfigurationPlatforms) = preSolution
		Debug|Any CPU = Debug|Any CPU
		Release|Any CPU = Release|Any CPU
	EndGlobalSection
	GlobalSection(ProjectConfigurationPlatforms) = postSolution
		{73E36C62-3330-4096-938C-0A486A2E056A}.Debug|Any CPU.ActiveCfg = Debug|Any CPU
		{73E36C62-3330-4096-938C-0A486A2E056A}.Debug|Any CPU.Build.0 = Debug|Any CPU
		{73E36C62-3330-4096-938C-0A486A2E056A}.Release|Any CPU.ActiveCfg = Release|Any CPU
		{73E36C62-3330-4096-938C-0A486A2E056A}.Release|Any CPU.Build.0 = Release|Any CPU
	EndGlobalSection
	GlobalSection(SolutionProperties) = preSolution
		HideSolutionNode = FALSE
	EndGlobalSection
	GlobalSection(ExtensibilityGlobals) = postSolution
		SolutionGuid = {4E7B4BE9-B819-47E9-A98A-D9FBA75B0238}
	EndGlobalSection
EndGlobal
